
Microsoft Visual Studio Solution File, Format Version 12.00
Project("{FAE04EC0-301F-11D3-BF4B-00C04F79EFBC}") = "ConsoleApp", "ConsoleApp\ConsoleApp.csproj", "{89C1D43A-CB06-4DF4-90BC-D4C6EBA049A4}"
EndProject
Project("{2150E333-8FDC-42A3-9474-1A3956D46DE8}") = "Solution items", "Solution items", "{C05E099E-A0B0-42C1-8ECA-E00D75F776A2}"
	ProjectSection(SolutionItems) = preProject
		..\..\README.md = ..\..\README.md
		..\..\Directory.Build.props = ..\..\Directory.Build.props
		..\.gitignore = ..\.gitignore
	EndProjectSection
EndProject
Project("{FAE04EC0-301F-11D3-BF4B-00C04F79EFBC}") = "MenuSystem", "MenuSystem\MenuSystem.csproj", "{81D3FA93-1067-47AE-8985-674A96CB7521}"
EndProject
Project("{FAE04EC0-301F-11D3-BF4B-00C04F79EFBC}") = "UnoEngine", "UnoEngine\UnoEngine.csproj", "{4809A950-DAA3-436E-9093-90573FBAB1B3}"
EndProject
Project("{FAE04EC0-301F-11D3-BF4B-00C04F79EFBC}") = "DAL", "DAL\DAL.csproj", "{5A39526E-FDDB-4189-8EB0-FCDF0171C987}"
EndProject
Project("{FAE04EC0-301F-11D3-BF4B-00C04F79EFBC}") = "Domain", "Domain\Domain.csproj", "{BDBBDBD6-1251-4BBB-8387-8EC1343B946C}"
EndProject
Project("{FAE04EC0-301F-11D3-BF4B-00C04F79EFBC}") = "UnoConsoleUI", "UnoConsoleUI\UnoConsoleUI.csproj", "{F8D2345D-BBFC-4B9C-B8EE-3BD1C2E02376}"
EndProject
Project("{FAE04EC0-301F-11D3-BF4B-00C04F79EFBC}") = "Helpers", "Helpers\Helpers.csproj", "{74A4097F-8D90-45E7-B039-738DB79AD337}"
EndProject
Project("{FAE04EC0-301F-11D3-BF4B-00C04F79EFBC}") = "WebApp", "WebApp\WebApp.csproj", "{88726A9D-E6C1-45E6-8D2E-082C5F27B782}"
EndProject
Global
	GlobalSection(SolutionConfigurationPlatforms) = preSolution
		Debug|Any CPU = Debug|Any CPU
		Release|Any CPU = Release|Any CPU
	EndGlobalSection
	GlobalSection(ProjectConfigurationPlatforms) = postSolution
		{89C1D43A-CB06-4DF4-90BC-D4C6EBA049A4}.Debug|Any CPU.ActiveCfg = Debug|Any CPU
		{89C1D43A-CB06-4DF4-90BC-D4C6EBA049A4}.Debug|Any CPU.Build.0 = Debug|Any CPU
		{89C1D43A-CB06-4DF4-90BC-D4C6EBA049A4}.Release|Any CPU.ActiveCfg = Release|Any CPU
		{89C1D43A-CB06-4DF4-90BC-D4C6EBA049A4}.Release|Any CPU.Build.0 = Release|Any CPU
		{81D3FA93-1067-47AE-8985-674A96CB7521}.Debug|Any CPU.ActiveCfg = Debug|Any CPU
		{81D3FA93-1067-47AE-8985-674A96CB7521}.Debug|Any CPU.Build.0 = Debug|Any CPU
		{81D3FA93-1067-47AE-8985-674A96CB7521}.Release|Any CPU.ActiveCfg = Release|Any CPU
		{81D3FA93-1067-47AE-8985-674A96CB7521}.Release|Any CPU.Build.0 = Release|Any CPU
		{4809A950-DAA3-436E-9093-90573FBAB1B3}.Debug|Any CPU.ActiveCfg = Debug|Any CPU
		{4809A950-DAA3-436E-9093-90573FBAB1B3}.Debug|Any CPU.Build.0 = Debug|Any CPU
		{4809A950-DAA3-436E-9093-90573FBAB1B3}.Release|Any CPU.ActiveCfg = Release|Any CPU
		{4809A950-DAA3-436E-9093-90573FBAB1B3}.Release|Any CPU.Build.0 = Release|Any CPU
		{5A39526E-FDDB-4189-8EB0-FCDF0171C987}.Debug|Any CPU.ActiveCfg = Debug|Any CPU
		{5A39526E-FDDB-4189-8EB0-FCDF0171C987}.Debug|Any CPU.Build.0 = Debug|Any CPU
		{5A39526E-FDDB-4189-8EB0-FCDF0171C987}.Release|Any CPU.ActiveCfg = Release|Any CPU
		{5A39526E-FDDB-4189-8EB0-FCDF0171C987}.Release|Any CPU.Build.0 = Release|Any CPU
		{BDBBDBD6-1251-4BBB-8387-8EC1343B946C}.Debug|Any CPU.ActiveCfg = Debug|Any CPU
		{BDBBDBD6-1251-4BBB-8387-8EC1343B946C}.Debug|Any CPU.Build.0 = Debug|Any CPU
		{BDBBDBD6-1251-4BBB-8387-8EC1343B946C}.Release|Any CPU.ActiveCfg = Release|Any CPU
		{BDBBDBD6-1251-4BBB-8387-8EC1343B946C}.Release|Any CPU.Build.0 = Release|Any CPU
		{F8D2345D-BBFC-4B9C-B8EE-3BD1C2E02376}.Debug|Any CPU.ActiveCfg = Debug|Any CPU
		{F8D2345D-BBFC-4B9C-B8EE-3BD1C2E02376}.Debug|Any CPU.Build.0 = Debug|Any CPU
		{F8D2345D-BBFC-4B9C-B8EE-3BD1C2E02376}.Release|Any CPU.ActiveCfg = Release|Any CPU
		{F8D2345D-BBFC-4B9C-B8EE-3BD1C2E02376}.Release|Any CPU.Build.0 = Release|Any CPU
		{74A4097F-8D90-45E7-B039-738DB79AD337}.Debug|Any CPU.ActiveCfg = Debug|Any CPU
		{74A4097F-8D90-45E7-B039-738DB79AD337}.Debug|Any CPU.Build.0 = Debug|Any CPU
		{74A4097F-8D90-45E7-B039-738DB79AD337}.Release|Any CPU.ActiveCfg = Release|Any CPU
		{74A4097F-8D90-45E7-B039-738DB79AD337}.Release|Any CPU.Build.0 = Release|Any CPU
		{88726A9D-E6C1-45E6-8D2E-082C5F27B782}.Debug|Any CPU.ActiveCfg = Debug|Any CPU
		{88726A9D-E6C1-45E6-8D2E-082C5F27B782}.Debug|Any CPU.Build.0 = Debug|Any CPU
		{88726A9D-E6C1-45E6-8D2E-082C5F27B782}.Release|Any CPU.ActiveCfg = Release|Any CPU
		{88726A9D-E6C1-45E6-8D2E-082C5F27B782}.Release|Any CPU.Build.0 = Release|Any CPU
	EndGlobalSection
EndGlobal
